
Microsoft Visual Studio Solution File, Format Version 12.00
# Visual Studio Version 16
VisualStudioVersion = 16.0.29020.237
MinimumVisualStudioVersion = 10.0.40219.1
Project("{9A19103F-16F7-4668-BE54-9A1E7A4F7556}") = "Doctrin.Api", "Doctrin.Api\Doctrin.Api.csproj", "{43E4B229-5ADE-46F2-8596-22C81A376C9C}"
EndProject
Project("{9A19103F-16F7-4668-BE54-9A1E7A4F7556}") = "Doctrin.Core", "Doctrin.Core\Doctrin.Core.csproj", "{E97FFFB9-E15A-4744-892E-258A1B1DB6B0}"
EndProject
Project("{9A19103F-16F7-4668-BE54-9A1E7A4F7556}") = "Doctrin.Data", "Doctrin.Data\Doctrin.Data.csproj", "{E3EEEE11-F943-428B-886D-C4E4CDC3AE13}"
EndProject
Project("{9A19103F-16F7-4668-BE54-9A1E7A4F7556}") = "Doctrin.Services", "Doctrin.Services\Doctrin.Services.csproj", "{4C1174F4-2272-4799-AD4C-EF8C966FEFE6}"
EndProject
Project("{9A19103F-16F7-4668-BE54-9A1E7A4F7556}") = "Doctrin.Api.Tests", "Doctrin.Api.Tests\Doctrin.Api.Tests.csproj", "{0498D157-E5FA-494C-A53D-B9C1B5DF663D}"
EndProject
Global
	GlobalSection(SolutionConfigurationPlatforms) = preSolution
		Debug|Any CPU = Debug|Any CPU
		Release|Any CPU = Release|Any CPU
	EndGlobalSection
	GlobalSection(ProjectConfigurationPlatforms) = postSolution
		{43E4B229-5ADE-46F2-8596-22C81A376C9C}.Debug|Any CPU.ActiveCfg = Debug|Any CPU
		{43E4B229-5ADE-46F2-8596-22C81A376C9C}.Debug|Any CPU.Build.0 = Debug|Any CPU
		{43E4B229-5ADE-46F2-8596-22C81A376C9C}.Release|Any CPU.ActiveCfg = Release|Any CPU
		{43E4B229-5ADE-46F2-8596-22C81A376C9C}.Release|Any CPU.Build.0 = Release|Any CPU
		{E97FFFB9-E15A-4744-892E-258A1B1DB6B0}.Debug|Any CPU.ActiveCfg = Debug|Any CPU
		{E97FFFB9-E15A-4744-892E-258A1B1DB6B0}.Debug|Any CPU.Build.0 = Debug|Any CPU
		{E97FFFB9-E15A-4744-892E-258A1B1DB6B0}.Release|Any CPU.ActiveCfg = Release|Any CPU
		{E97FFFB9-E15A-4744-892E-258A1B1DB6B0}.Release|Any CPU.Build.0 = Release|Any CPU
		{E3EEEE11-F943-428B-886D-C4E4CDC3AE13}.Debug|Any CPU.ActiveCfg = Debug|Any CPU
		{E3EEEE11-F943-428B-886D-C4E4CDC3AE13}.Debug|Any CPU.Build.0 = Debug|Any CPU
		{E3EEEE11-F943-428B-886D-C4E4CDC3AE13}.Release|Any CPU.ActiveCfg = Release|Any CPU
		{E3EEEE11-F943-428B-886D-C4E4CDC3AE13}.Release|Any CPU.Build.0 = Release|Any CPU
		{4C1174F4-2272-4799-AD4C-EF8C966FEFE6}.Debug|Any CPU.ActiveCfg = Debug|Any CPU
		{4C1174F4-2272-4799-AD4C-EF8C966FEFE6}.Debug|Any CPU.Build.0 = Debug|Any CPU
		{4C1174F4-2272-4799-AD4C-EF8C966FEFE6}.Release|Any CPU.ActiveCfg = Release|Any CPU
		{4C1174F4-2272-4799-AD4C-EF8C966FEFE6}.Release|Any CPU.Build.0 = Release|Any CPU
		{0498D157-E5FA-494C-A53D-B9C1B5DF663D}.Debug|Any CPU.ActiveCfg = Debug|Any CPU
		{0498D157-E5FA-494C-A53D-B9C1B5DF663D}.Debug|Any CPU.Build.0 = Debug|Any CPU
		{0498D157-E5FA-494C-A53D-B9C1B5DF663D}.Release|Any CPU.ActiveCfg = Release|Any CPU
		{0498D157-E5FA-494C-A53D-B9C1B5DF663D}.Release|Any CPU.Build.0 = Release|Any CPU
	EndGlobalSection
	GlobalSection(SolutionProperties) = preSolution
		HideSolutionNode = FALSE
	EndGlobalSection
	GlobalSection(ExtensibilityGlobals) = postSolution
		SolutionGuid = {EAD893C8-881A-4A9C-A60B-4466D2CC4948}
	EndGlobalSection
EndGlobal
